// !$*UTF8*$!
{
	archiveVersion = 1;
	classes = {
	};
	objectVersion = 50;
	objects = {

/* Begin PBXBuildFile section */
		834FB71A25791EB700AF6701 /* 2.bitOperator.cpp in Sources */ = {isa = PBXBuildFile; fileRef = 834FB7112579177500AF6701 /* 2.bitOperator.cpp */; };
		834FB73C25791FE300AF6701 /* 1.Tutorial.cpp in Sources */ = {isa = PBXBuildFile; fileRef = 834FB708257903C100AF6701 /* 1.Tutorial.cpp */; };
/* End PBXBuildFile section */

/* Begin PBXContainerItemProxy section */
		834FB748257920E500AF6701 /* PBXContainerItemProxy */ = {
			isa = PBXContainerItemProxy;
			containerPortal = 834FB6FD257903C100AF6701 /* Project object */;
			proxyType = 1;
			remoteGlobalIDString = 834FB71825791EB700AF6701;
			remoteInfo = bitOperator;
		};
/* End PBXContainerItemProxy section */

/* Begin PBXCopyFilesBuildPhase section */
		834FB703257903C100AF6701 /* CopyFiles */ = {
			isa = PBXCopyFilesBuildPhase;
			buildActionMask = 2147483647;
			dstPath = /usr/share/man/man1/;
			dstSubfolderSpec = 0;
			files = (
			);
			runOnlyForDeploymentPostprocessing = 1;
		};
		834FB71D25791EB700AF6701 /* CopyFiles */ = {
			isa = PBXCopyFilesBuildPhase;
			buildActionMask = 2147483647;
			dstPath = /usr/share/man/man1/;
			dstSubfolderSpec = 0;
			files = (
			);
			runOnlyForDeploymentPostprocessing = 1;
		};
/* End PBXCopyFilesBuildPhase section */

/* Begin PBXFileReference section */
		834FB705257903C100AF6701 /* Tutorial */ = {isa = PBXFileReference; explicitFileType = "compiled.mach-o.executable"; includeInIndex = 0; path = Tutorial; sourceTree = BUILT_PRODUCTS_DIR; };
		834FB708257903C100AF6701 /* 1.Tutorial.cpp */ = {isa = PBXFileReference; lastKnownFileType = sourcecode.cpp.cpp; path = 1.Tutorial.cpp; sourceTree = "<group>"; };
		834FB7112579177500AF6701 /* 2.bitOperator.cpp */ = {isa = PBXFileReference; lastKnownFileType = sourcecode.cpp.cpp; name = 2.bitOperator.cpp; path = BasicCpp/2.bitOperator.cpp; sourceTree = "<group>"; };
		834FB72125791EB700AF6701 /* bitOperator */ = {isa = PBXFileReference; explicitFileType = "compiled.mach-o.executable"; includeInIndex = 0; path = bitOperator; sourceTree = BUILT_PRODUCTS_DIR; };
/* End PBXFileReference section */

/* Begin PBXFrameworksBuildPhase section */
		834FB702257903C100AF6701 /* Frameworks */ = {
			isa = PBXFrameworksBuildPhase;
			buildActionMask = 2147483647;
			files = (
			);
			runOnlyForDeploymentPostprocessing = 0;
		};
		834FB71C25791EB700AF6701 /* Frameworks */ = {
			isa = PBXFrameworksBuildPhase;
			buildActionMask = 2147483647;
			files = (
			);
			runOnlyForDeploymentPostprocessing = 0;
		};
/* End PBXFrameworksBuildPhase section */

/* Begin PBXGroup section */
		834FB6FC257903C100AF6701 = {
			isa = PBXGroup;
			children = (
				834FB7112579177500AF6701 /* 2.bitOperator.cpp */,
				834FB707257903C100AF6701 /* BasicCpp */,
				834FB706257903C100AF6701 /* Products */,
			);
			sourceTree = "<group>";
		};
		834FB706257903C100AF6701 /* Products */ = {
			isa = PBXGroup;
			children = (
				834FB705257903C100AF6701 /* Tutorial */,
				834FB72125791EB700AF6701 /* bitOperator */,
			);
			name = Products;
			sourceTree = "<group>";
		};
		834FB707257903C100AF6701 /* BasicCpp */ = {
			isa = PBXGroup;
			children = (
				834FB708257903C100AF6701 /* 1.Tutorial.cpp */,
			);
			path = BasicCpp;
			sourceTree = "<group>";
		};
/* End PBXGroup section */

/* Begin PBXNativeTarget section */
		834FB704257903C100AF6701 /* Tutorial */ = {
			isa = PBXNativeTarget;
			buildConfigurationList = 834FB70C257903C100AF6701 /* Build configuration list for PBXNativeTarget "Tutorial" */;
			buildPhases = (
				834FB701257903C100AF6701 /* Sources */,
				834FB702257903C100AF6701 /* Frameworks */,
				834FB703257903C100AF6701 /* CopyFiles */,
			);
			buildRules = (
			);
			dependencies = (
				834FB749257920E500AF6701 /* PBXTargetDependency */,
			);
			name = Tutorial;
			productName = BasicCpp;
			productReference = 834FB705257903C100AF6701 /* Tutorial */;
			productType = "com.apple.product-type.tool";
		};
		834FB71825791EB700AF6701 /* bitOperator */ = {
			isa = PBXNativeTarget;
			buildConfigurationList = 834FB71E25791EB700AF6701 /* Build configuration list for PBXNativeTarget "bitOperator" */;
			buildPhases = (
				834FB71925791EB700AF6701 /* Sources */,
				834FB71C25791EB700AF6701 /* Frameworks */,
				834FB71D25791EB700AF6701 /* CopyFiles */,
			);
			buildRules = (
			);
			dependencies = (
			);
			name = bitOperator;
			productName = BasicCpp;
			productReference = 834FB72125791EB700AF6701 /* bitOperator */;
			productType = "com.apple.product-type.tool";
		};
/* End PBXNativeTarget section */

/* Begin PBXProject section */
		834FB6FD257903C100AF6701 /* Project object */ = {
			isa = PBXProject;
			attributes = {
				LastUpgradeCheck = 1210;
				TargetAttributes = {
					834FB704257903C100AF6701 = {
						CreatedOnToolsVersion = 12.1;
					};
				};
			};
			buildConfigurationList = 834FB700257903C100AF6701 /* Build configuration list for PBXProject "BasicCpp" */;
			compatibilityVersion = "Xcode 9.3";
			developmentRegion = en;
			hasScannedForEncodings = 0;
			knownRegions = (
				en,
				Base,
			);
			mainGroup = 834FB6FC257903C100AF6701;
			productRefGroup = 834FB706257903C100AF6701 /* Products */;
			projectDirPath = "";
			projectRoot = "";
			targets = (
				834FB704257903C100AF6701 /* Tutorial */,
				834FB71825791EB700AF6701 /* bitOperator */,
			);
		};
/* End PBXProject section */

/* Begin PBXSourcesBuildPhase section */
		834FB701257903C100AF6701 /* Sources */ = {
			isa = PBXSourcesBuildPhase;
			buildActionMask = 2147483647;
			files = (
				834FB73C25791FE300AF6701 /* 1.Tutorial.cpp in Sources */,
			);
			runOnlyForDeploymentPostprocessing = 0;
		};
		834FB71925791EB700AF6701 /* Sources */ = {
			isa = PBXSourcesBuildPhase;
			buildActionMask = 2147483647;
			files = (
				834FB71A25791EB700AF6701 /* 2.bitOperator.cpp in Sources */,
			);
			runOnlyForDeploymentPostprocessing = 0;
		};
/* End PBXSourcesBuildPhase section */

/* Begin PBXTargetDependency section */
		834FB749257920E500AF6701 /* PBXTargetDependency */ = {
			isa = PBXTargetDependency;
			target = 834FB71825791EB700AF6701 /* bitOperator */;
			targetProxy = 834FB748257920E500AF6701 /* PBXContainerItemProxy */;
		};
/* End PBXTargetDependency section */

/* Begin XCBuildConfiguration section */
		834FB70A257903C100AF6701 /* Debug */ = {
			isa = XCBuildConfiguration;
			buildSettings = {
				ALWAYS_SEARCH_USER_PATHS = NO;
				CLANG_ANALYZER_NONNULL = YES;
				CLANG_ANALYZER_NUMBER_OBJECT_CONVERSION = YES_AGGRESSIVE;
				CLANG_CXX_LANGUAGE_STANDARD = "gnu++14";
				CLANG_CXX_LIBRARY = "libc++";
				CLANG_ENABLE_MODULES = YES;
				CLANG_ENABLE_OBJC_ARC = YES;
				CLANG_ENABLE_OBJC_WEAK = YES;
				CLANG_WARN_BLOCK_CAPTURE_AUTORELEASING = YES;
				CLANG_WARN_BOOL_CONVERSION = YES;
				CLANG_WARN_COMMA = YES;
				CLANG_WARN_CONSTANT_CONVERSION = YES;
				CLANG_WARN_DEPRECATED_OBJC_IMPLEMENTATIONS = YES;
				CLANG_WARN_DIRECT_OBJC_ISA_USAGE = YES_ERROR;
				CLANG_WARN_DOCUMENTATION_COMMENTS = YES;
				CLANG_WARN_EMPTY_BODY = YES;
				CLANG_WARN_ENUM_CONVERSION = YES;
				CLANG_WARN_INFINITE_RECURSION = YES;
				CLANG_WARN_INT_CONVERSION = YES;
				CLANG_WARN_NON_LITERAL_NULL_CONVERSION = YES;
				CLANG_WARN_OBJC_IMPLICIT_RETAIN_SELF = YES;
				CLANG_WARN_OBJC_LITERAL_CONVERSION = YES;
				CLANG_WARN_OBJC_ROOT_CLASS = YES_ERROR;
				CLANG_WARN_QUOTED_INCLUDE_IN_FRAMEWORK_HEADER = YES;
				CLANG_WARN_RANGE_LOOP_ANALYSIS = YES;
				CLANG_WARN_STRICT_PROTOTYPES = YES;
				CLANG_WARN_SUSPICIOUS_MOVE = YES;
				CLANG_WARN_UNGUARDED_AVAILABILITY = YES_AGGRESSIVE;
				CLANG_WARN_UNREACHABLE_CODE = YES;
				CLANG_WARN__DUPLICATE_METHOD_MATCH = YES;
				COPY_PHASE_STRIP = NO;
				DEBUG_INFORMATION_FORMAT = dwarf;
				ENABLE_STRICT_OBJC_MSGSEND = YES;
				ENABLE_TESTABILITY = YES;
				GCC_C_LANGUAGE_STANDARD = gnu11;
				GCC_DYNAMIC_NO_PIC = NO;
				GCC_NO_COMMON_BLOCKS = YES;
				GCC_OPTIMIZATION_LEVEL = 0;
				GCC_PREPROCESSOR_DEFINITIONS = (
					"DEBUG=1",
					"$(inherited)",
				);
				GCC_WARN_64_TO_32_BIT_CONVERSION = YES;
				GCC_WARN_ABOUT_RETURN_TYPE = YES_ERROR;
				GCC_WARN_UNDECLARED_SELECTOR = YES;
				GCC_WARN_UNINITIALIZED_AUTOS = YES_AGGRESSIVE;
				GCC_WARN_UNUSED_FUNCTION = YES;
				GCC_WARN_UNUSED_VARIABLE = YES;
				MACOSX_DEPLOYMENT_TARGET = 10.15;
				MTL_ENABLE_DEBUG_INFO = INCLUDE_SOURCE;
				MTL_FAST_MATH = YES;
				ONLY_ACTIVE_ARCH = YES;
				SDKROOT = macosx;
			};
			name = Debug;
		};
		834FB70B257903C100AF6701 /* Release */ = {
			isa = XCBuildConfiguration;
			buildSettings = {
				ALWAYS_SEARCH_USER_PATHS = NO;
				CLANG_ANALYZER_NONNULL = YES;
				CLANG_ANALYZER_NUMBER_OBJECT_CONVERSION = YES_AGGRESSIVE;
				CLANG_CXX_LANGUAGE_STANDARD = "gnu++14";
				CLANG_CXX_LIBRARY = "libc++";
				CLANG_ENABLE_MODULES = YES;
				CLANG_ENABLE_OBJC_ARC = YES;
				CLANG_ENABLE_OBJC_WEAK = YES;
				CLANG_WARN_BLOCK_CAPTURE_AUTORELEASING = YES;
				CLANG_WARN_BOOL_CONVERSION = YES;
				CLANG_WARN_COMMA = YES;
				CLANG_WARN_CONSTANT_CONVERSION = YES;
				CLANG_WARN_DEPRECATED_OBJC_IMPLEMENTATIONS = YES;
				CLANG_WARN_DIRECT_OBJC_ISA_USAGE = YES_ERROR;
				CLANG_WARN_DOCUMENTATION_COMMENTS = YES;
				CLANG_WARN_EMPTY_BODY = YES;
				CLANG_WARN_ENUM_CONVERSION = YES;
				CLANG_WARN_INFINITE_RECURSION = YES;
				CLANG_WARN_INT_CONVERSION = YES;
				CLANG_WARN_NON_LITERAL_NULL_CONVERSION = YES;
				CLANG_WARN_OBJC_IMPLICIT_RETAIN_SELF = YES;
				CLANG_WARN_OBJC_LITERAL_CONVERSION = YES;
				CLANG_WARN_OBJC_ROOT_CLASS = YES_ERROR;
				CLANG_WARN_QUOTED_INCLUDE_IN_FRAMEWORK_HEADER = YES;
				CLANG_WARN_RANGE_LOOP_ANALYSIS = YES;
				CLANG_WARN_STRICT_PROTOTYPES = YES;
				CLANG_WARN_SUSPICIOUS_MOVE = YES;
				CLANG_WARN_UNGUARDED_AVAILABILITY = YES_AGGRESSIVE;
				CLANG_WARN_UNREACHABLE_CODE = YES;
				CLANG_WARN__DUPLICATE_METHOD_MATCH = YES;
				COPY_PHASE_STRIP = NO;
				DEBUG_INFORMATION_FORMAT = "dwarf-with-dsym";
				ENABLE_NS_ASSERTIONS = NO;
				ENABLE_STRICT_OBJC_MSGSEND = YES;
				GCC_C_LANGUAGE_STANDARD = gnu11;
				GCC_NO_COMMON_BLOCKS = YES;
				GCC_WARN_64_TO_32_BIT_CONVERSION = YES;
				GCC_WARN_ABOUT_RETURN_TYPE = YES_ERROR;
				GCC_WARN_UNDECLARED_SELECTOR = YES;
				GCC_WARN_UNINITIALIZED_AUTOS = YES_AGGRESSIVE;
				GCC_WARN_UNUSED_FUNCTION = YES;
				GCC_WARN_UNUSED_VARIABLE = YES;
				MACOSX_DEPLOYMENT_TARGET = 10.15;
				MTL_ENABLE_DEBUG_INFO = NO;
				MTL_FAST_MATH = YES;
				SDKROOT = macosx;
			};
			name = Release;
		};
		834FB70D257903C100AF6701 /* Debug */ = {
			isa = XCBuildConfiguration;
			buildSettings = {
				CODE_SIGN_STYLE = Automatic;
				PRODUCT_NAME = "$(TARGET_NAME)";
			};
			name = Debug;
		};
		834FB70E257903C100AF6701 /* Release */ = {
			isa = XCBuildConfiguration;
			buildSettings = {
				CODE_SIGN_STYLE = Automatic;
				PRODUCT_NAME = "$(TARGET_NAME)";
			};
			name = Release;
		};
		834FB71F25791EB700AF6701 /* Debug */ = {
			isa = XCBuildConfiguration;
			buildSettings = {
				CODE_SIGN_STYLE = Automatic;
				PRODUCT_NAME = "$(TARGET_NAME)";
			};
			name = Debug;
		};
		834FB72025791EB700AF6701 /* Release */ = {
			isa = XCBuildConfiguration;
			buildSettings = {
				CODE_SIGN_STYLE = Automatic;
				PRODUCT_NAME = "$(TARGET_NAME)";
			};
			name = Release;
		};
/* End XCBuildConfiguration section */

/* Begin XCConfigurationList section */
		834FB700257903C100AF6701 /* Build configuration list for PBXProject "BasicCpp" */ = {
			isa = XCConfigurationList;
			buildConfigurations = (
				834FB70A257903C100AF6701 /* Debug */,
				834FB70B257903C100AF6701 /* Release */,
			);
			defaultConfigurationIsVisible = 0;
			defaultConfigurationName = Release;
		};
		834FB70C257903C100AF6701 /* Build configuration list for PBXNativeTarget "Tutorial" */ = {
			isa = XCConfigurationList;
			buildConfigurations = (
				834FB70D257903C100AF6701 /* Debug */,
				834FB70E257903C100AF6701 /* Release */,
			);
			defaultConfigurationIsVisible = 0;
			defaultConfigurationName = Release;
		};
		834FB71E25791EB700AF6701 /* Build configuration list for PBXNativeTarget "bitOperator" */ = {
			isa = XCConfigurationList;
			buildConfigurations = (
				834FB71F25791EB700AF6701 /* Debug */,
				834FB72025791EB700AF6701 /* Release */,
			);
			defaultConfigurationIsVisible = 0;
			defaultConfigurationName = Release;
		};
/* End XCConfigurationList section */
	};
	rootObject = 834FB6FD257903C100AF6701 /* Project object */;
}
